
Microsoft Visual Studio Solution File, Format Version 12.00
# Visual Studio 15
VisualStudioVersion = 15.0.28010.2026
MinimumVisualStudioVersion = 10.0.40219.1
Project("{FAE04EC0-301F-11D3-BF4B-00C04F79EFBC}") = "LemonadeStand", "LemonadeStand\LemonadeStand.csproj", "{32D87F33-484B-4B70-9250-AFD33BCFD61E}"
EndProject
Project("{FAE04EC0-301F-11D3-BF4B-00C04F79EFBC}") = "LemonadeStandUnitTest", "LemonadeStandUnitTest\LemonadeStandUnitTest.csproj", "{C147533C-7A1B-4F53-859F-04A8C1D80706}"
EndProject
Global
	GlobalSection(SolutionConfigurationPlatforms) = preSolution
		Debug|Any CPU = Debug|Any CPU
		Release|Any CPU = Release|Any CPU
	EndGlobalSection
	GlobalSection(ProjectConfigurationPlatforms) = postSolution
		{32D87F33-484B-4B70-9250-AFD33BCFD61E}.Debug|Any CPU.ActiveCfg = Debug|Any CPU
		{32D87F33-484B-4B70-9250-AFD33BCFD61E}.Debug|Any CPU.Build.0 = Debug|Any CPU
		{32D87F33-484B-4B70-9250-AFD33BCFD61E}.Release|Any CPU.ActiveCfg = Release|Any CPU
		{32D87F33-484B-4B70-9250-AFD33BCFD61E}.Release|Any CPU.Build.0 = Release|Any CPU
		{C147533C-7A1B-4F53-859F-04A8C1D80706}.Debug|Any CPU.ActiveCfg = Debug|Any CPU
		{C147533C-7A1B-4F53-859F-04A8C1D80706}.Debug|Any CPU.Build.0 = Debug|Any CPU
		{C147533C-7A1B-4F53-859F-04A8C1D80706}.Release|Any CPU.ActiveCfg = Release|Any CPU
		{C147533C-7A1B-4F53-859F-04A8C1D80706}.Release|Any CPU.Build.0 = Release|Any CPU
	EndGlobalSection
	GlobalSection(SolutionProperties) = preSolution
		HideSolutionNode = FALSE
	EndGlobalSection
	GlobalSection(ExtensibilityGlobals) = postSolution
		SolutionGuid = {48C72B1F-331F-4989-83A7-34CD7EC60014}
	EndGlobalSection
EndGlobal
